<?xml version="1.0" encoding="utf-8"?>
<Project ToolsVersion="4.0" xmlns="http://schemas.microsoft.com/developer/msbuild/2003">
  <ItemGroup>
    <ClCompile Include="..\code\Unit\main.cpp" />
    <ClCompile Include="..\code\Unit\Tests\Test_Debug.cpp">
      <Filter>Tests</Filter>
    </ClCompile>
    <ClCompile Include="..\code\Unit\Tests\Test_Window.cpp">
      <Filter>Tests</Filter>
    </ClCompile>
    <ClCompile Include="..\code\Unit\Tests\Test_Fullscreen.cpp">
      <Filter>Tests</Filter>
    </ClCompile>
  </ItemGroup>
  <ItemGroup>
    <Filter Include="Tests">
      <UniqueIdentifier>{3dc53186-5088-4ce3-be5f-cc1585fb394b}</UniqueIdentifier>
    </Filter>
  </ItemGroup>
  <ItemGroup>
    <ClInclude Include="..\code\Unit\Tests\Tests.hpp">
      <Filter>Tests</Filter>
    </ClInclude>
  </ItemGroup>
</Project>